// !$*UTF8*$!
{
	archiveVersion = 1;
	classes = {
	};
	objectVersion = 51;
	objects = {

/* Begin PBXBuildFile section */
		33294548AAE0F7D915738705 /* Pods_DaangnClone.framework in Frameworks */ = {isa = PBXBuildFile; fileRef = 12A05C875B31008B3B8C0B40 /* Pods_DaangnClone.framework */; };
		3D1C267C26A46C3100CF1B77 /* UIViewController.swift in Sources */ = {isa = PBXBuildFile; fileRef = 3D1C267B26A46C3100CF1B77 /* UIViewController.swift */; };
		3D74853B26A15ED900869048 /* FirstViewController.swift in Sources */ = {isa = PBXBuildFile; fileRef = 3D74853A26A15ED900869048 /* FirstViewController.swift */; };
		3D74853F26A162E100869048 /* Color.swift in Sources */ = {isa = PBXBuildFile; fileRef = 3D74853E26A162E100869048 /* Color.swift */; };
		3D74854126A1681D00869048 /* UIImage.swift in Sources */ = {isa = PBXBuildFile; fileRef = 3D74854026A1681D00869048 /* UIImage.swift */; };
		3DC0D73426A0538400D0080B /* AppDelegate.swift in Sources */ = {isa = PBXBuildFile; fileRef = 3DC0D73326A0538400D0080B /* AppDelegate.swift */; };
		3DC0D73626A0538400D0080B /* SceneDelegate.swift in Sources */ = {isa = PBXBuildFile; fileRef = 3DC0D73526A0538400D0080B /* SceneDelegate.swift */; };
		3DC0D73826A0538400D0080B /* ViewController.swift in Sources */ = {isa = PBXBuildFile; fileRef = 3DC0D73726A0538400D0080B /* ViewController.swift */; };
		3DC0D73D26A0538500D0080B /* Assets.xcassets in Resources */ = {isa = PBXBuildFile; fileRef = 3DC0D73C26A0538500D0080B /* Assets.xcassets */; };
		3DC0D74026A0538500D0080B /* LaunchScreen.storyboard in Resources */ = {isa = PBXBuildFile; fileRef = 3DC0D73E26A0538500D0080B /* LaunchScreen.storyboard */; };
		3DC0D74B26A0538600D0080B /* DaangnCloneTests.swift in Sources */ = {isa = PBXBuildFile; fileRef = 3DC0D74A26A0538600D0080B /* DaangnCloneTests.swift */; };
		3DC0D75626A0538600D0080B /* DaangnCloneUITests.swift in Sources */ = {isa = PBXBuildFile; fileRef = 3DC0D75526A0538600D0080B /* DaangnCloneUITests.swift */; };
		7986C1A2B6D199CA5C2496B6 /* Pods_DaangnClone_DaangnCloneUITests.framework in Frameworks */ = {isa = PBXBuildFile; fileRef = CE73061822CFCDDFBC2F685D /* Pods_DaangnClone_DaangnCloneUITests.framework */; };
		EE088491E6C3731686A7A076 /* Pods_DaangnCloneTests.framework in Frameworks */ = {isa = PBXBuildFile; fileRef = 8CB1DEC886941DF012965390 /* Pods_DaangnCloneTests.framework */; };
/* End PBXBuildFile section */

/* Begin PBXContainerItemProxy section */
		3DC0D74726A0538600D0080B /* PBXContainerItemProxy */ = {
			isa = PBXContainerItemProxy;
			containerPortal = 3DC0D72826A0538400D0080B /* Project object */;
			proxyType = 1;
			remoteGlobalIDString = 3DC0D72F26A0538400D0080B;
			remoteInfo = DaangnClone;
		};
		3DC0D75226A0538600D0080B /* PBXContainerItemProxy */ = {
			isa = PBXContainerItemProxy;
			containerPortal = 3DC0D72826A0538400D0080B /* Project object */;
			proxyType = 1;
			remoteGlobalIDString = 3DC0D72F26A0538400D0080B;
			remoteInfo = DaangnClone;
		};
/* End PBXContainerItemProxy section */

/* Begin PBXFileReference section */
		12A05C875B31008B3B8C0B40 /* Pods_DaangnClone.framework */ = {isa = PBXFileReference; explicitFileType = wrapper.framework; includeInIndex = 0; path = Pods_DaangnClone.framework; sourceTree = BUILT_PRODUCTS_DIR; };
		1F0C2BD0F04E618F1708751F /* Pods-DaangnClone-DaangnCloneUITests.release.xcconfig */ = {isa = PBXFileReference; includeInIndex = 1; lastKnownFileType = text.xcconfig; name = "Pods-DaangnClone-DaangnCloneUITests.release.xcconfig"; path = "Target Support Files/Pods-DaangnClone-DaangnCloneUITests/Pods-DaangnClone-DaangnCloneUITests.release.xcconfig"; sourceTree = "<group>"; };
		230EA1E951FA0BD6C09A721F /* Pods-DaangnCloneTests.debug.xcconfig */ = {isa = PBXFileReference; includeInIndex = 1; lastKnownFileType = text.xcconfig; name = "Pods-DaangnCloneTests.debug.xcconfig"; path = "Target Support Files/Pods-DaangnCloneTests/Pods-DaangnCloneTests.debug.xcconfig"; sourceTree = "<group>"; };
		36BD64D5895F5F74A5C9D504 /* Pods-DaangnClone.debug.xcconfig */ = {isa = PBXFileReference; includeInIndex = 1; lastKnownFileType = text.xcconfig; name = "Pods-DaangnClone.debug.xcconfig"; path = "Target Support Files/Pods-DaangnClone/Pods-DaangnClone.debug.xcconfig"; sourceTree = "<group>"; };
		3D1C267B26A46C3100CF1B77 /* UIViewController.swift */ = {isa = PBXFileReference; lastKnownFileType = sourcecode.swift; path = UIViewController.swift; sourceTree = "<group>"; };
		3D74853A26A15ED900869048 /* FirstViewController.swift */ = {isa = PBXFileReference; lastKnownFileType = sourcecode.swift; path = FirstViewController.swift; sourceTree = "<group>"; };
		3D74853E26A162E100869048 /* Color.swift */ = {isa = PBXFileReference; lastKnownFileType = sourcecode.swift; path = Color.swift; sourceTree = "<group>"; };
		3D74854026A1681D00869048 /* UIImage.swift */ = {isa = PBXFileReference; lastKnownFileType = sourcecode.swift; path = UIImage.swift; sourceTree = "<group>"; };
		3DC0D73026A0538400D0080B /* DaangnClone.app */ = {isa = PBXFileReference; explicitFileType = wrapper.application; includeInIndex = 0; path = DaangnClone.app; sourceTree = BUILT_PRODUCTS_DIR; };
		3DC0D73326A0538400D0080B /* AppDelegate.swift */ = {isa = PBXFileReference; lastKnownFileType = sourcecode.swift; path = AppDelegate.swift; sourceTree = "<group>"; };
		3DC0D73526A0538400D0080B /* SceneDelegate.swift */ = {isa = PBXFileReference; lastKnownFileType = sourcecode.swift; path = SceneDelegate.swift; sourceTree = "<group>"; };
		3DC0D73726A0538400D0080B /* ViewController.swift */ = {isa = PBXFileReference; lastKnownFileType = sourcecode.swift; path = ViewController.swift; sourceTree = "<group>"; };
		3DC0D73C26A0538500D0080B /* Assets.xcassets */ = {isa = PBXFileReference; lastKnownFileType = folder.assetcatalog; path = Assets.xcassets; sourceTree = "<group>"; };
		3DC0D73F26A0538500D0080B /* Base */ = {isa = PBXFileReference; lastKnownFileType = file.storyboard; name = Base; path = Base.lproj/LaunchScreen.storyboard; sourceTree = "<group>"; };
		3DC0D74126A0538500D0080B /* Info.plist */ = {isa = PBXFileReference; lastKnownFileType = text.plist.xml; path = Info.plist; sourceTree = "<group>"; };
		3DC0D74626A0538600D0080B /* DaangnCloneTests.xctest */ = {isa = PBXFileReference; explicitFileType = wrapper.cfbundle; includeInIndex = 0; path = DaangnCloneTests.xctest; sourceTree = BUILT_PRODUCTS_DIR; };
		3DC0D74A26A0538600D0080B /* DaangnCloneTests.swift */ = {isa = PBXFileReference; lastKnownFileType = sourcecode.swift; path = DaangnCloneTests.swift; sourceTree = "<group>"; };
		3DC0D74C26A0538600D0080B /* Info.plist */ = {isa = PBXFileReference; lastKnownFileType = text.plist.xml; path = Info.plist; sourceTree = "<group>"; };
		3DC0D75126A0538600D0080B /* DaangnCloneUITests.xctest */ = {isa = PBXFileReference; explicitFileType = wrapper.cfbundle; includeInIndex = 0; path = DaangnCloneUITests.xctest; sourceTree = BUILT_PRODUCTS_DIR; };
		3DC0D75526A0538600D0080B /* DaangnCloneUITests.swift */ = {isa = PBXFileReference; lastKnownFileType = sourcecode.swift; path = DaangnCloneUITests.swift; sourceTree = "<group>"; };
		3DC0D75726A0538600D0080B /* Info.plist */ = {isa = PBXFileReference; lastKnownFileType = text.plist.xml; path = Info.plist; sourceTree = "<group>"; };
		834690B4CA972FE0304B97BE /* Pods-DaangnCloneTests.release.xcconfig */ = {isa = PBXFileReference; includeInIndex = 1; lastKnownFileType = text.xcconfig; name = "Pods-DaangnCloneTests.release.xcconfig"; path = "Target Support Files/Pods-DaangnCloneTests/Pods-DaangnCloneTests.release.xcconfig"; sourceTree = "<group>"; };
		8CB1DEC886941DF012965390 /* Pods_DaangnCloneTests.framework */ = {isa = PBXFileReference; explicitFileType = wrapper.framework; includeInIndex = 0; path = Pods_DaangnCloneTests.framework; sourceTree = BUILT_PRODUCTS_DIR; };
		CE73061822CFCDDFBC2F685D /* Pods_DaangnClone_DaangnCloneUITests.framework */ = {isa = PBXFileReference; explicitFileType = wrapper.framework; includeInIndex = 0; path = Pods_DaangnClone_DaangnCloneUITests.framework; sourceTree = BUILT_PRODUCTS_DIR; };
		F12D990D24E4FFAD2484235A /* Pods-DaangnClone-DaangnCloneUITests.debug.xcconfig */ = {isa = PBXFileReference; includeInIndex = 1; lastKnownFileType = text.xcconfig; name = "Pods-DaangnClone-DaangnCloneUITests.debug.xcconfig"; path = "Target Support Files/Pods-DaangnClone-DaangnCloneUITests/Pods-DaangnClone-DaangnCloneUITests.debug.xcconfig"; sourceTree = "<group>"; };
		F3FE7C71C5E89806FCAE4B51 /* Pods-DaangnClone.release.xcconfig */ = {isa = PBXFileReference; includeInIndex = 1; lastKnownFileType = text.xcconfig; name = "Pods-DaangnClone.release.xcconfig"; path = "Target Support Files/Pods-DaangnClone/Pods-DaangnClone.release.xcconfig"; sourceTree = "<group>"; };
/* End PBXFileReference section */

/* Begin PBXFrameworksBuildPhase section */
		3DC0D72D26A0538400D0080B /* Frameworks */ = {
			isa = PBXFrameworksBuildPhase;
			buildActionMask = 2147483647;
			files = (
				33294548AAE0F7D915738705 /* Pods_DaangnClone.framework in Frameworks */,
			);
			runOnlyForDeploymentPostprocessing = 0;
		};
		3DC0D74326A0538600D0080B /* Frameworks */ = {
			isa = PBXFrameworksBuildPhase;
			buildActionMask = 2147483647;
			files = (
				EE088491E6C3731686A7A076 /* Pods_DaangnCloneTests.framework in Frameworks */,
			);
			runOnlyForDeploymentPostprocessing = 0;
		};
		3DC0D74E26A0538600D0080B /* Frameworks */ = {
			isa = PBXFrameworksBuildPhase;
			buildActionMask = 2147483647;
			files = (
				7986C1A2B6D199CA5C2496B6 /* Pods_DaangnClone_DaangnCloneUITests.framework in Frameworks */,
			);
			runOnlyForDeploymentPostprocessing = 0;
		};
/* End PBXFrameworksBuildPhase section */

/* Begin PBXGroup section */
		158635CCE105DFFB24E6BB51 /* Frameworks */ = {
			isa = PBXGroup;
			children = (
				12A05C875B31008B3B8C0B40 /* Pods_DaangnClone.framework */,
				CE73061822CFCDDFBC2F685D /* Pods_DaangnClone_DaangnCloneUITests.framework */,
				8CB1DEC886941DF012965390 /* Pods_DaangnCloneTests.framework */,
			);
			name = Frameworks;
			sourceTree = "<group>";
		};
		3D74853926A15EC400869048 /* View */ = {
			isa = PBXGroup;
			children = (
				3D74853A26A15ED900869048 /* FirstViewController.swift */,
			);
			path = View;
			sourceTree = "<group>";
		};
		3D74853C26A162C100869048 /* Configuration */ = {
			isa = PBXGroup;
			children = (
				3D74853D26A162D100869048 /* Extension */,
			);
			path = Configuration;
			sourceTree = "<group>";
		};
		3D74853D26A162D100869048 /* Extension */ = {
			isa = PBXGroup;
			children = (
				3D74853E26A162E100869048 /* Color.swift */,
				3D74854026A1681D00869048 /* UIImage.swift */,
				3D1C267B26A46C3100CF1B77 /* UIViewController.swift */,
			);
			path = Extension;
			sourceTree = "<group>";
		};
		3DC0D72726A0538400D0080B = {
			isa = PBXGroup;
			children = (
				3DC0D73226A0538400D0080B /* DaangnClone */,
				3DC0D74926A0538600D0080B /* DaangnCloneTests */,
				3DC0D75426A0538600D0080B /* DaangnCloneUITests */,
				3DC0D73126A0538400D0080B /* Products */,
				A55FF7D89816C0585A05638D /* Pods */,
				158635CCE105DFFB24E6BB51 /* Frameworks */,
			);
			sourceTree = "<group>";
		};
		3DC0D73126A0538400D0080B /* Products */ = {
			isa = PBXGroup;
			children = (
				3DC0D73026A0538400D0080B /* DaangnClone.app */,
				3DC0D74626A0538600D0080B /* DaangnCloneTests.xctest */,
				3DC0D75126A0538600D0080B /* DaangnCloneUITests.xctest */,
			);
			name = Products;
			sourceTree = "<group>";
		};
		3DC0D73226A0538400D0080B /* DaangnClone */ = {
			isa = PBXGroup;
			children = (
				3D74853C26A162C100869048 /* Configuration */,
				3D74853926A15EC400869048 /* View */,
				3DC0D73326A0538400D0080B /* AppDelegate.swift */,
				3DC0D73526A0538400D0080B /* SceneDelegate.swift */,
				3DC0D73726A0538400D0080B /* ViewController.swift */,
				3DC0D73C26A0538500D0080B /* Assets.xcassets */,
				3DC0D73E26A0538500D0080B /* LaunchScreen.storyboard */,
				3DC0D74126A0538500D0080B /* Info.plist */,
			);
			path = DaangnClone;
			sourceTree = "<group>";
		};
		3DC0D74926A0538600D0080B /* DaangnCloneTests */ = {
			isa = PBXGroup;
			children = (
				3DC0D74A26A0538600D0080B /* DaangnCloneTests.swift */,
				3DC0D74C26A0538600D0080B /* Info.plist */,
			);
			path = DaangnCloneTests;
			sourceTree = "<group>";
		};
		3DC0D75426A0538600D0080B /* DaangnCloneUITests */ = {
			isa = PBXGroup;
			children = (
				3DC0D75526A0538600D0080B /* DaangnCloneUITests.swift */,
				3DC0D75726A0538600D0080B /* Info.plist */,
			);
			path = DaangnCloneUITests;
			sourceTree = "<group>";
		};
		A55FF7D89816C0585A05638D /* Pods */ = {
			isa = PBXGroup;
			children = (
				36BD64D5895F5F74A5C9D504 /* Pods-DaangnClone.debug.xcconfig */,
				F3FE7C71C5E89806FCAE4B51 /* Pods-DaangnClone.release.xcconfig */,
				F12D990D24E4FFAD2484235A /* Pods-DaangnClone-DaangnCloneUITests.debug.xcconfig */,
				1F0C2BD0F04E618F1708751F /* Pods-DaangnClone-DaangnCloneUITests.release.xcconfig */,
				230EA1E951FA0BD6C09A721F /* Pods-DaangnCloneTests.debug.xcconfig */,
				834690B4CA972FE0304B97BE /* Pods-DaangnCloneTests.release.xcconfig */,
			);
			path = Pods;
			sourceTree = "<group>";
		};
/* End PBXGroup section */

/* Begin PBXNativeTarget section */
		3DC0D72F26A0538400D0080B /* DaangnClone */ = {
			isa = PBXNativeTarget;
			buildConfigurationList = 3DC0D75A26A0538600D0080B /* Build configuration list for PBXNativeTarget "DaangnClone" */;
			buildPhases = (
				93CB6C803B5FDF0992ACB319 /* [CP] Check Pods Manifest.lock */,
				3DC0D72C26A0538400D0080B /* Sources */,
				3DC0D72D26A0538400D0080B /* Frameworks */,
				3DC0D72E26A0538400D0080B /* Resources */,
				04CA712EF28030417453DDBB /* [CP] Embed Pods Frameworks */,
			);
			buildRules = (
			);
			dependencies = (
			);
			name = DaangnClone;
			productName = DaangnClone;
			productReference = 3DC0D73026A0538400D0080B /* DaangnClone.app */;
			productType = "com.apple.product-type.application";
		};
		3DC0D74526A0538600D0080B /* DaangnCloneTests */ = {
			isa = PBXNativeTarget;
			buildConfigurationList = 3DC0D75D26A0538600D0080B /* Build configuration list for PBXNativeTarget "DaangnCloneTests" */;
			buildPhases = (
				B627D6B6931F635356CD1B4C /* [CP] Check Pods Manifest.lock */,
				3DC0D74226A0538600D0080B /* Sources */,
				3DC0D74326A0538600D0080B /* Frameworks */,
				3DC0D74426A0538600D0080B /* Resources */,
			);
			buildRules = (
			);
			dependencies = (
				3DC0D74826A0538600D0080B /* PBXTargetDependency */,
			);
			name = DaangnCloneTests;
			productName = DaangnCloneTests;
			productReference = 3DC0D74626A0538600D0080B /* DaangnCloneTests.xctest */;
			productType = "com.apple.product-type.bundle.unit-test";
		};
		3DC0D75026A0538600D0080B /* DaangnCloneUITests */ = {
			isa = PBXNativeTarget;
			buildConfigurationList = 3DC0D76026A0538600D0080B /* Build configuration list for PBXNativeTarget "DaangnCloneUITests" */;
			buildPhases = (
				755F64D1AAE966E927F90494 /* [CP] Check Pods Manifest.lock */,
				3DC0D74D26A0538600D0080B /* Sources */,
				3DC0D74E26A0538600D0080B /* Frameworks */,
				3DC0D74F26A0538600D0080B /* Resources */,
				F68A287CCD2D70297DDA2B19 /* [CP] Embed Pods Frameworks */,
			);
			buildRules = (
			);
			dependencies = (
				3DC0D75326A0538600D0080B /* PBXTargetDependency */,
			);
			name = DaangnCloneUITests;
			productName = DaangnCloneUITests;
			productReference = 3DC0D75126A0538600D0080B /* DaangnCloneUITests.xctest */;
			productType = "com.apple.product-type.bundle.ui-testing";
		};
/* End PBXNativeTarget section */

/* Begin PBXProject section */
		3DC0D72826A0538400D0080B /* Project object */ = {
			isa = PBXProject;
			attributes = {
				LastSwiftUpdateCheck = 1250;
				LastUpgradeCheck = 1250;
				TargetAttributes = {
					3DC0D72F26A0538400D0080B = {
						CreatedOnToolsVersion = 12.5;
					};
					3DC0D74526A0538600D0080B = {
						CreatedOnToolsVersion = 12.5;
						TestTargetID = 3DC0D72F26A0538400D0080B;
					};
					3DC0D75026A0538600D0080B = {
						CreatedOnToolsVersion = 12.5;
						TestTargetID = 3DC0D72F26A0538400D0080B;
					};
				};
			};
			buildConfigurationList = 3DC0D72B26A0538400D0080B /* Build configuration list for PBXProject "DaangnClone" */;
			compatibilityVersion = "Xcode 9.3";
			developmentRegion = en;
			hasScannedForEncodings = 0;
			knownRegions = (
				en,
				Base,
			);
			mainGroup = 3DC0D72726A0538400D0080B;
			productRefGroup = 3DC0D73126A0538400D0080B /* Products */;
			projectDirPath = "";
			projectRoot = "";
			targets = (
				3DC0D72F26A0538400D0080B /* DaangnClone */,
				3DC0D74526A0538600D0080B /* DaangnCloneTests */,
				3DC0D75026A0538600D0080B /* DaangnCloneUITests */,
			);
		};
/* End PBXProject section */

/* Begin PBXResourcesBuildPhase section */
		3DC0D72E26A0538400D0080B /* Resources */ = {
			isa = PBXResourcesBuildPhase;
			buildActionMask = 2147483647;
			files = (
				3DC0D74026A0538500D0080B /* LaunchScreen.storyboard in Resources */,
				3DC0D73D26A0538500D0080B /* Assets.xcassets in Resources */,
			);
			runOnlyForDeploymentPostprocessing = 0;
		};
		3DC0D74426A0538600D0080B /* Resources */ = {
			isa = PBXResourcesBuildPhase;
			buildActionMask = 2147483647;
			files = (
			);
			runOnlyForDeploymentPostprocessing = 0;
		};
		3DC0D74F26A0538600D0080B /* Resources */ = {
			isa = PBXResourcesBuildPhase;
			buildActionMask = 2147483647;
			files = (
			);
			runOnlyForDeploymentPostprocessing = 0;
		};
/* End PBXResourcesBuildPhase section */

/* Begin PBXShellScriptBuildPhase section */
		04CA712EF28030417453DDBB /* [CP] Embed Pods Frameworks */ = {
			isa = PBXShellScriptBuildPhase;
			buildActionMask = 2147483647;
			files = (
			);
			inputFileListPaths = (
				"${PODS_ROOT}/Target Support Files/Pods-DaangnClone/Pods-DaangnClone-frameworks-${CONFIGURATION}-input-files.xcfilelist",
			);
			name = "[CP] Embed Pods Frameworks";
			outputFileListPaths = (
				"${PODS_ROOT}/Target Support Files/Pods-DaangnClone/Pods-DaangnClone-frameworks-${CONFIGURATION}-output-files.xcfilelist",
			);
			runOnlyForDeploymentPostprocessing = 0;
			shellPath = /bin/sh;
			shellScript = "\"${PODS_ROOT}/Target Support Files/Pods-DaangnClone/Pods-DaangnClone-frameworks.sh\"\n";
			showEnvVarsInLog = 0;
		};
		755F64D1AAE966E927F90494 /* [CP] Check Pods Manifest.lock */ = {
			isa = PBXShellScriptBuildPhase;
			buildActionMask = 2147483647;
			files = (
			);
			inputFileListPaths = (
			);
			inputPaths = (
				"${PODS_PODFILE_DIR_PATH}/Podfile.lock",
				"${PODS_ROOT}/Manifest.lock",
			);
			name = "[CP] Check Pods Manifest.lock";
			outputFileListPaths = (
			);
			outputPaths = (
				"$(DERIVED_FILE_DIR)/Pods-DaangnClone-DaangnCloneUITests-checkManifestLockResult.txt",
			);
			runOnlyForDeploymentPostprocessing = 0;
			shellPath = /bin/sh;
			shellScript = "diff \"${PODS_PODFILE_DIR_PATH}/Podfile.lock\" \"${PODS_ROOT}/Manifest.lock\" > /dev/null\nif [ $? != 0 ] ; then\n    # print error to STDERR\n    echo \"error: The sandbox is not in sync with the Podfile.lock. Run 'pod install' or update your CocoaPods installation.\" >&2\n    exit 1\nfi\n# This output is used by Xcode 'outputs' to avoid re-running this script phase.\necho \"SUCCESS\" > \"${SCRIPT_OUTPUT_FILE_0}\"\n";
			showEnvVarsInLog = 0;
		};
		93CB6C803B5FDF0992ACB319 /* [CP] Check Pods Manifest.lock */ = {
			isa = PBXShellScriptBuildPhase;
			buildActionMask = 2147483647;
			files = (
			);
			inputFileListPaths = (
			);
			inputPaths = (
				"${PODS_PODFILE_DIR_PATH}/Podfile.lock",
				"${PODS_ROOT}/Manifest.lock",
			);
			name = "[CP] Check Pods Manifest.lock";
			outputFileListPaths = (
			);
			outputPaths = (
				"$(DERIVED_FILE_DIR)/Pods-DaangnClone-checkManifestLockResult.txt",
			);
			runOnlyForDeploymentPostprocessing = 0;
			shellPath = /bin/sh;
			shellScript = "diff \"${PODS_PODFILE_DIR_PATH}/Podfile.lock\" \"${PODS_ROOT}/Manifest.lock\" > /dev/null\nif [ $? != 0 ] ; then\n    # print error to STDERR\n    echo \"error: The sandbox is not in sync with the Podfile.lock. Run 'pod install' or update your CocoaPods installation.\" >&2\n    exit 1\nfi\n# This output is used by Xcode 'outputs' to avoid re-running this script phase.\necho \"SUCCESS\" > \"${SCRIPT_OUTPUT_FILE_0}\"\n";
			showEnvVarsInLog = 0;
		};
		B627D6B6931F635356CD1B4C /* [CP] Check Pods Manifest.lock */ = {
			isa = PBXShellScriptBuildPhase;
			buildActionMask = 2147483647;
			files = (
			);
			inputFileListPaths = (
			);
			inputPaths = (
				"${PODS_PODFILE_DIR_PATH}/Podfile.lock",
				"${PODS_ROOT}/Manifest.lock",
			);
			name = "[CP] Check Pods Manifest.lock";
			outputFileListPaths = (
			);
			outputPaths = (
				"$(DERIVED_FILE_DIR)/Pods-DaangnCloneTests-checkManifestLockResult.txt",
			);
			runOnlyForDeploymentPostprocessing = 0;
			shellPath = /bin/sh;
			shellScript = "diff \"${PODS_PODFILE_DIR_PATH}/Podfile.lock\" \"${PODS_ROOT}/Manifest.lock\" > /dev/null\nif [ $? != 0 ] ; then\n    # print error to STDERR\n    echo \"error: The sandbox is not in sync with the Podfile.lock. Run 'pod install' or update your CocoaPods installation.\" >&2\n    exit 1\nfi\n# This output is used by Xcode 'outputs' to avoid re-running this script phase.\necho \"SUCCESS\" > \"${SCRIPT_OUTPUT_FILE_0}\"\n";
			showEnvVarsInLog = 0;
		};
		F68A287CCD2D70297DDA2B19 /* [CP] Embed Pods Frameworks */ = {
			isa = PBXShellScriptBuildPhase;
			buildActionMask = 2147483647;
			files = (
			);
			inputFileListPaths = (
				"${PODS_ROOT}/Target Support Files/Pods-DaangnClone-DaangnCloneUITests/Pods-DaangnClone-DaangnCloneUITests-frameworks-${CONFIGURATION}-input-files.xcfilelist",
			);
			name = "[CP] Embed Pods Frameworks";
			outputFileListPaths = (
				"${PODS_ROOT}/Target Support Files/Pods-DaangnClone-DaangnCloneUITests/Pods-DaangnClone-DaangnCloneUITests-frameworks-${CONFIGURATION}-output-files.xcfilelist",
			);
			runOnlyForDeploymentPostprocessing = 0;
			shellPath = /bin/sh;
			shellScript = "\"${PODS_ROOT}/Target Support Files/Pods-DaangnClone-DaangnCloneUITests/Pods-DaangnClone-DaangnCloneUITests-frameworks.sh\"\n";
			showEnvVarsInLog = 0;
		};
/* End PBXShellScriptBuildPhase section */

/* Begin PBXSourcesBuildPhase section */
		3DC0D72C26A0538400D0080B /* Sources */ = {
			isa = PBXSourcesBuildPhase;
			buildActionMask = 2147483647;
			files = (
				3D1C267C26A46C3100CF1B77 /* UIViewController.swift in Sources */,
				3DC0D73826A0538400D0080B /* ViewController.swift in Sources */,
				3DC0D73426A0538400D0080B /* AppDelegate.swift in Sources */,
				3DC0D73626A0538400D0080B /* SceneDelegate.swift in Sources */,
				3D74854126A1681D00869048 /* UIImage.swift in Sources */,
				3D74853F26A162E100869048 /* Color.swift in Sources */,
				3D74853B26A15ED900869048 /* FirstViewController.swift in Sources */,
			);
			runOnlyForDeploymentPostprocessing = 0;
		};
		3DC0D74226A0538600D0080B /* Sources */ = {
			isa = PBXSourcesBuildPhase;
			buildActionMask = 2147483647;
			files = (
				3DC0D74B26A0538600D0080B /* DaangnCloneTests.swift in Sources */,
			);
			runOnlyForDeploymentPostprocessing = 0;
		};
		3DC0D74D26A0538600D0080B /* Sources */ = {
			isa = PBXSourcesBuildPhase;
			buildActionMask = 2147483647;
			files = (
				3DC0D75626A0538600D0080B /* DaangnCloneUITests.swift in Sources */,
			);
			runOnlyForDeploymentPostprocessing = 0;
		};
/* End PBXSourcesBuildPhase section */

/* Begin PBXTargetDependency section */
		3DC0D74826A0538600D0080B /* PBXTargetDependency */ = {
			isa = PBXTargetDependency;
			target = 3DC0D72F26A0538400D0080B /* DaangnClone */;
			targetProxy = 3DC0D74726A0538600D0080B /* PBXContainerItemProxy */;
		};
		3DC0D75326A0538600D0080B /* PBXTargetDependency */ = {
			isa = PBXTargetDependency;
			target = 3DC0D72F26A0538400D0080B /* DaangnClone */;
			targetProxy = 3DC0D75226A0538600D0080B /* PBXContainerItemProxy */;
		};
/* End PBXTargetDependency section */

/* Begin PBXVariantGroup section */
		3DC0D73E26A0538500D0080B /* LaunchScreen.storyboard */ = {
			isa = PBXVariantGroup;
			children = (
				3DC0D73F26A0538500D0080B /* Base */,
			);
			name = LaunchScreen.storyboard;
			sourceTree = "<group>";
		};
/* End PBXVariantGroup section */

/* Begin XCBuildConfiguration section */
		3DC0D75826A0538600D0080B /* Debug */ = {
			isa = XCBuildConfiguration;
			buildSettings = {
				ALWAYS_SEARCH_USER_PATHS = NO;
				CLANG_ANALYZER_NONNULL = YES;
				CLANG_ANALYZER_NUMBER_OBJECT_CONVERSION = YES_AGGRESSIVE;
				CLANG_CXX_LANGUAGE_STANDARD = "gnu++14";
				CLANG_CXX_LIBRARY = "libc++";
				CLANG_ENABLE_MODULES = YES;
				CLANG_ENABLE_OBJC_ARC = YES;
				CLANG_ENABLE_OBJC_WEAK = YES;
				CLANG_WARN_BLOCK_CAPTURE_AUTORELEASING = YES;
				CLANG_WARN_BOOL_CONVERSION = YES;
				CLANG_WARN_COMMA = YES;
				CLANG_WARN_CONSTANT_CONVERSION = YES;
				CLANG_WARN_DEPRECATED_OBJC_IMPLEMENTATIONS = YES;
				CLANG_WARN_DIRECT_OBJC_ISA_USAGE = YES_ERROR;
				CLANG_WARN_DOCUMENTATION_COMMENTS = YES;
				CLANG_WARN_EMPTY_BODY = YES;
				CLANG_WARN_ENUM_CONVERSION = YES;
				CLANG_WARN_INFINITE_RECURSION = YES;
				CLANG_WARN_INT_CONVERSION = YES;
				CLANG_WARN_NON_LITERAL_NULL_CONVERSION = YES;
				CLANG_WARN_OBJC_IMPLICIT_RETAIN_SELF = YES;
				CLANG_WARN_OBJC_LITERAL_CONVERSION = YES;
				CLANG_WARN_OBJC_ROOT_CLASS = YES_ERROR;
				CLANG_WARN_QUOTED_INCLUDE_IN_FRAMEWORK_HEADER = YES;
				CLANG_WARN_RANGE_LOOP_ANALYSIS = YES;
				CLANG_WARN_STRICT_PROTOTYPES = YES;
				CLANG_WARN_SUSPICIOUS_MOVE = YES;
				CLANG_WARN_UNGUARDED_AVAILABILITY = YES_AGGRESSIVE;
				CLANG_WARN_UNREACHABLE_CODE = YES;
				CLANG_WARN__DUPLICATE_METHOD_MATCH = YES;
				COPY_PHASE_STRIP = NO;
				DEBUG_INFORMATION_FORMAT = dwarf;
				ENABLE_STRICT_OBJC_MSGSEND = YES;
				ENABLE_TESTABILITY = YES;
				GCC_C_LANGUAGE_STANDARD = gnu11;
				GCC_DYNAMIC_NO_PIC = NO;
				GCC_NO_COMMON_BLOCKS = YES;
				GCC_OPTIMIZATION_LEVEL = 0;
				GCC_PREPROCESSOR_DEFINITIONS = (
					"DEBUG=1",
					"$(inherited)",
				);
				GCC_WARN_64_TO_32_BIT_CONVERSION = YES;
				GCC_WARN_ABOUT_RETURN_TYPE = YES_ERROR;
				GCC_WARN_UNDECLARED_SELECTOR = YES;
				GCC_WARN_UNINITIALIZED_AUTOS = YES_AGGRESSIVE;
				GCC_WARN_UNUSED_FUNCTION = YES;
				GCC_WARN_UNUSED_VARIABLE = YES;
				IPHONEOS_DEPLOYMENT_TARGET = 14.5;
				MTL_ENABLE_DEBUG_INFO = INCLUDE_SOURCE;
				MTL_FAST_MATH = YES;
				ONLY_ACTIVE_ARCH = YES;
				SDKROOT = iphoneos;
				SWIFT_ACTIVE_COMPILATION_CONDITIONS = DEBUG;
				SWIFT_OPTIMIZATION_LEVEL = "-Onone";
			};
			name = Debug;
		};
		3DC0D75926A0538600D0080B /* Release */ = {
			isa = XCBuildConfiguration;
			buildSettings = {
				ALWAYS_SEARCH_USER_PATHS = NO;
				CLANG_ANALYZER_NONNULL = YES;
				CLANG_ANALYZER_NUMBER_OBJECT_CONVERSION = YES_AGGRESSIVE;
				CLANG_CXX_LANGUAGE_STANDARD = "gnu++14";
				CLANG_CXX_LIBRARY = "libc++";
				CLANG_ENABLE_MODULES = YES;
				CLANG_ENABLE_OBJC_ARC = YES;
				CLANG_ENABLE_OBJC_WEAK = YES;
				CLANG_WARN_BLOCK_CAPTURE_AUTORELEASING = YES;
				CLANG_WARN_BOOL_CONVERSION = YES;
				CLANG_WARN_COMMA = YES;
				CLANG_WARN_CONSTANT_CONVERSION = YES;
				CLANG_WARN_DEPRECATED_OBJC_IMPLEMENTATIONS = YES;
				CLANG_WARN_DIRECT_OBJC_ISA_USAGE = YES_ERROR;
				CLANG_WARN_DOCUMENTATION_COMMENTS = YES;
				CLANG_WARN_EMPTY_BODY = YES;
				CLANG_WARN_ENUM_CONVERSION = YES;
				CLANG_WARN_INFINITE_RECURSION = YES;
				CLANG_WARN_INT_CONVERSION = YES;
				CLANG_WARN_NON_LITERAL_NULL_CONVERSION = YES;
				CLANG_WARN_OBJC_IMPLICIT_RETAIN_SELF = YES;
				CLANG_WARN_OBJC_LITERAL_CONVERSION = YES;
				CLANG_WARN_OBJC_ROOT_CLASS = YES_ERROR;
				CLANG_WARN_QUOTED_INCLUDE_IN_FRAMEWORK_HEADER = YES;
				CLANG_WARN_RANGE_LOOP_ANALYSIS = YES;
				CLANG_WARN_STRICT_PROTOTYPES = YES;
				CLANG_WARN_SUSPICIOUS_MOVE = YES;
				CLANG_WARN_UNGUARDED_AVAILABILITY = YES_AGGRESSIVE;
				CLANG_WARN_UNREACHABLE_CODE = YES;
				CLANG_WARN__DUPLICATE_METHOD_MATCH = YES;
				COPY_PHASE_STRIP = NO;
				DEBUG_INFORMATION_FORMAT = "dwarf-with-dsym";
				ENABLE_NS_ASSERTIONS = NO;
				ENABLE_STRICT_OBJC_MSGSEND = YES;
				GCC_C_LANGUAGE_STANDARD = gnu11;
				GCC_NO_COMMON_BLOCKS = YES;
				GCC_WARN_64_TO_32_BIT_CONVERSION = YES;
				GCC_WARN_ABOUT_RETURN_TYPE = YES_ERROR;
				GCC_WARN_UNDECLARED_SELECTOR = YES;
				GCC_WARN_UNINITIALIZED_AUTOS = YES_AGGRESSIVE;
				GCC_WARN_UNUSED_FUNCTION = YES;
				GCC_WARN_UNUSED_VARIABLE = YES;
				IPHONEOS_DEPLOYMENT_TARGET = 14.5;
				MTL_ENABLE_DEBUG_INFO = NO;
				MTL_FAST_MATH = YES;
				SDKROOT = iphoneos;
				SWIFT_COMPILATION_MODE = wholemodule;
				SWIFT_OPTIMIZATION_LEVEL = "-O";
				VALIDATE_PRODUCT = YES;
			};
			name = Release;
		};
		3DC0D75B26A0538600D0080B /* Debug */ = {
			isa = XCBuildConfiguration;
			baseConfigurationReference = 36BD64D5895F5F74A5C9D504 /* Pods-DaangnClone.debug.xcconfig */;
			buildSettings = {
				ASSETCATALOG_COMPILER_APPICON_NAME = AppIcon;
				ASSETCATALOG_COMPILER_GLOBAL_ACCENT_COLOR_NAME = AccentColor;
				CODE_SIGN_STYLE = Automatic;
				CURRENT_PROJECT_VERSION = 1;
				DEVELOPMENT_TEAM = GLQQLN3R4U;
				INFOPLIST_FILE = DaangnClone/Info.plist;
				LD_RUNPATH_SEARCH_PATHS = (
					"$(inherited)",
					"@executable_path/Frameworks",
				);
				MARKETING_VERSION = 1.0.0;
				PRODUCT_BUNDLE_IDENTIFIER = "com.miori.dev-ios.DaangnClone";
				PRODUCT_NAME = "$(TARGET_NAME)";
				SWIFT_VERSION = 5.0;
				TARGETED_DEVICE_FAMILY = 1;
			};
			name = Debug;
		};
		3DC0D75C26A0538600D0080B /* Release */ = {
			isa = XCBuildConfiguration;
			baseConfigurationReference = F3FE7C71C5E89806FCAE4B51 /* Pods-DaangnClone.release.xcconfig */;
			buildSettings = {
				ASSETCATALOG_COMPILER_APPICON_NAME = AppIcon;
				ASSETCATALOG_COMPILER_GLOBAL_ACCENT_COLOR_NAME = AccentColor;
				CODE_SIGN_STYLE = Automatic;
				CURRENT_PROJECT_VERSION = 1;
				DEVELOPMENT_TEAM = GLQQLN3R4U;
				INFOPLIST_FILE = DaangnClone/Info.plist;
				LD_RUNPATH_SEARCH_PATHS = (
					"$(inherited)",
					"@executable_path/Frameworks",
				);
				MARKETING_VERSION = 1.0.0;
				PRODUCT_BUNDLE_IDENTIFIER = "com.miori.dev-ios.DaangnClone";
				PRODUCT_NAME = "$(TARGET_NAME)";
				SWIFT_VERSION = 5.0;
				TARGETED_DEVICE_FAMILY = 1;
			};
			name = Release;
		};
		3DC0D75E26A0538600D0080B /* Debug */ = {
			isa = XCBuildConfiguration;
			baseConfigurationReference = 230EA1E951FA0BD6C09A721F /* Pods-DaangnCloneTests.debug.xcconfig */;
			buildSettings = {
				ALWAYS_EMBED_SWIFT_STANDARD_LIBRARIES = YES;
				BUNDLE_LOADER = "$(TEST_HOST)";
				CODE_SIGN_STYLE = Automatic;
				DEVELOPMENT_TEAM = GLQQLN3R4U;
				INFOPLIST_FILE = DaangnCloneTests/Info.plist;
				IPHONEOS_DEPLOYMENT_TARGET = 14.5;
				LD_RUNPATH_SEARCH_PATHS = (
					"$(inherited)",
					"@executable_path/Frameworks",
					"@loader_path/Frameworks",
				);
				PRODUCT_BUNDLE_IDENTIFIER = "com.miori.dev-ios.DaangnCloneTests";
				PRODUCT_NAME = "$(TARGET_NAME)";
				SWIFT_VERSION = 5.0;
				TARGETED_DEVICE_FAMILY = "1,2";
				TEST_HOST = "$(BUILT_PRODUCTS_DIR)/DaangnClone.app/DaangnClone";
			};
			name = Debug;
		};
		3DC0D75F26A0538600D0080B /* Release */ = {
			isa = XCBuildConfiguration;
			baseConfigurationReference = 834690B4CA972FE0304B97BE /* Pods-DaangnCloneTests.release.xcconfig */;
			buildSettings = {
				ALWAYS_EMBED_SWIFT_STANDARD_LIBRARIES = YES;
				BUNDLE_LOADER = "$(TEST_HOST)";
				CODE_SIGN_STYLE = Automatic;
				DEVELOPMENT_TEAM = GLQQLN3R4U;
				INFOPLIST_FILE = DaangnCloneTests/Info.plist;
				IPHONEOS_DEPLOYMENT_TARGET = 14.5;
				LD_RUNPATH_SEARCH_PATHS = (
					"$(inherited)",
					"@executable_path/Frameworks",
					"@loader_path/Frameworks",
				);
				PRODUCT_BUNDLE_IDENTIFIER = "com.miori.dev-ios.DaangnCloneTests";
				PRODUCT_NAME = "$(TARGET_NAME)";
				SWIFT_VERSION = 5.0;
				TARGETED_DEVICE_FAMILY = "1,2";
				TEST_HOST = "$(BUILT_PRODUCTS_DIR)/DaangnClone.app/DaangnClone";
			};
			name = Release;
		};
		3DC0D76126A0538600D0080B /* Debug */ = {
			isa = XCBuildConfiguration;
			baseConfigurationReference = F12D990D24E4FFAD2484235A /* Pods-DaangnClone-DaangnCloneUITests.debug.xcconfig */;
			buildSettings = {
				ALWAYS_EMBED_SWIFT_STANDARD_LIBRARIES = YES;
				CODE_SIGN_STYLE = Automatic;
				DEVELOPMENT_TEAM = GLQQLN3R4U;
				INFOPLIST_FILE = DaangnCloneUITests/Info.plist;
				LD_RUNPATH_SEARCH_PATHS = (
					"$(inherited)",
					"@executable_path/Frameworks",
					"@loader_path/Frameworks",
				);
				PRODUCT_BUNDLE_IDENTIFIER = "com.miori.dev-ios.DaangnCloneUITests";
				PRODUCT_NAME = "$(TARGET_NAME)";
				SWIFT_VERSION = 5.0;
				TARGETED_DEVICE_FAMILY = "1,2";
				TEST_TARGET_NAME = DaangnClone;
			};
			name = Debug;
		};
		3DC0D76226A0538600D0080B /* Release */ = {
			isa = XCBuildConfiguration;
			baseConfigurationReference = 1F0C2BD0F04E618F1708751F /* Pods-DaangnClone-DaangnCloneUITests.release.xcconfig */;
			buildSettings = {
				ALWAYS_EMBED_SWIFT_STANDARD_LIBRARIES = YES;
				CODE_SIGN_STYLE = Automatic;
				DEVELOPMENT_TEAM = GLQQLN3R4U;
				INFOPLIST_FILE = DaangnCloneUITests/Info.plist;
				LD_RUNPATH_SEARCH_PATHS = (
					"$(inherited)",
					"@executable_path/Frameworks",
					"@loader_path/Frameworks",
				);
				PRODUCT_BUNDLE_IDENTIFIER = "com.miori.dev-ios.DaangnCloneUITests";
				PRODUCT_NAME = "$(TARGET_NAME)";
				SWIFT_VERSION = 5.0;
				TARGETED_DEVICE_FAMILY = "1,2";
				TEST_TARGET_NAME = DaangnClone;
			};
			name = Release;
		};
/* End XCBuildConfiguration section */

/* Begin XCConfigurationList section */
		3DC0D72B26A0538400D0080B /* Build configuration list for PBXProject "DaangnClone" */ = {
			isa = XCConfigurationList;
			buildConfigurations = (
				3DC0D75826A0538600D0080B /* Debug */,
				3DC0D75926A0538600D0080B /* Release */,
			);
			defaultConfigurationIsVisible = 0;
			defaultConfigurationName = Release;
		};
		3DC0D75A26A0538600D0080B /* Build configuration list for PBXNativeTarget "DaangnClone" */ = {
			isa = XCConfigurationList;
			buildConfigurations = (
				3DC0D75B26A0538600D0080B /* Debug */,
				3DC0D75C26A0538600D0080B /* Release */,
			);
			defaultConfigurationIsVisible = 0;
			defaultConfigurationName = Release;
		};
		3DC0D75D26A0538600D0080B /* Build configuration list for PBXNativeTarget "DaangnCloneTests" */ = {
			isa = XCConfigurationList;
			buildConfigurations = (
				3DC0D75E26A0538600D0080B /* Debug */,
				3DC0D75F26A0538600D0080B /* Release */,
			);
			defaultConfigurationIsVisible = 0;
			defaultConfigurationName = Release;
		};
		3DC0D76026A0538600D0080B /* Build configuration list for PBXNativeTarget "DaangnCloneUITests" */ = {
			isa = XCConfigurationList;
			buildConfigurations = (
				3DC0D76126A0538600D0080B /* Debug */,
				3DC0D76226A0538600D0080B /* Release */,
			);
			defaultConfigurationIsVisible = 0;
			defaultConfigurationName = Release;
		};
/* End XCConfigurationList section */
	};
	rootObject = 3DC0D72826A0538400D0080B /* Project object */;
}
